// !$*UTF8*$!
{
	archiveVersion = 1;
	classes = {
	};
	objectVersion = 46;
	objects = {

/* Begin PBXBuildFile section */
		2C06A7A21DC1B99D00E9E432 /* main.m in Sources */ = {isa = PBXBuildFile; fileRef = 2C06A7A11DC1B99D00E9E432 /* main.m */; };
		2C06A7A51DC1B99D00E9E432 /* AppDelegate.m in Sources */ = {isa = PBXBuildFile; fileRef = 2C06A7A41DC1B99D00E9E432 /* AppDelegate.m */; };
		2C06A7A81DC1B99D00E9E432 /* ViewController.m in Sources */ = {isa = PBXBuildFile; fileRef = 2C06A7A71DC1B99D00E9E432 /* ViewController.m */; };
		2C06A7AB1DC1B99D00E9E432 /* Main.storyboard in Resources */ = {isa = PBXBuildFile; fileRef = 2C06A7A91DC1B99D00E9E432 /* Main.storyboard */; };
		2C06A7AD1DC1B99D00E9E432 /* Assets.xcassets in Resources */ = {isa = PBXBuildFile; fileRef = 2C06A7AC1DC1B99D00E9E432 /* Assets.xcassets */; };
		2C06A7B01DC1B99D00E9E432 /* LaunchScreen.storyboard in Resources */ = {isa = PBXBuildFile; fileRef = 2C06A7AE1DC1B99D00E9E432 /* LaunchScreen.storyboard */; };
		2C06A7BB1DC1B99D00E9E432 /* ClickableLabelTests.m in Sources */ = {isa = PBXBuildFile; fileRef = 2C06A7BA1DC1B99D00E9E432 /* ClickableLabelTests.m */; };
		2C06A7C61DC1B99D00E9E432 /* ClickableLabelUITests.m in Sources */ = {isa = PBXBuildFile; fileRef = 2C06A7C51DC1B99D00E9E432 /* ClickableLabelUITests.m */; };
		2C06A7D81DC1BA6900E9E432 /* UILabel+Clickable.m in Sources */ = {isa = PBXBuildFile; fileRef = 2C06A7D71DC1BA6900E9E432 /* UILabel+Clickable.m */; };
/* End PBXBuildFile section */

/* Begin PBXContainerItemProxy section */
		2C06A7B71DC1B99D00E9E432 /* PBXContainerItemProxy */ = {
			isa = PBXContainerItemProxy;
			containerPortal = 2C06A7951DC1B99D00E9E432 /* Project object */;
			proxyType = 1;
			remoteGlobalIDString = 2C06A79C1DC1B99D00E9E432;
			remoteInfo = ClickableLabel;
		};
		2C06A7C21DC1B99D00E9E432 /* PBXContainerItemProxy */ = {
			isa = PBXContainerItemProxy;
			containerPortal = 2C06A7951DC1B99D00E9E432 /* Project object */;
			proxyType = 1;
			remoteGlobalIDString = 2C06A79C1DC1B99D00E9E432;
			remoteInfo = ClickableLabel;
		};
/* End PBXContainerItemProxy section */

/* Begin PBXFileReference section */
		2C06A79D1DC1B99D00E9E432 /* ClickableLabel.app */ = {isa = PBXFileReference; explicitFileType = wrapper.application; includeInIndex = 0; path = ClickableLabel.app; sourceTree = BUILT_PRODUCTS_DIR; };
		2C06A7A11DC1B99D00E9E432 /* main.m */ = {isa = PBXFileReference; lastKnownFileType = sourcecode.c.objc; path = main.m; sourceTree = "<group>"; };
		2C06A7A31DC1B99D00E9E432 /* AppDelegate.h */ = {isa = PBXFileReference; lastKnownFileType = sourcecode.c.h; path = AppDelegate.h; sourceTree = "<group>"; };
		2C06A7A41DC1B99D00E9E432 /* AppDelegate.m */ = {isa = PBXFileReference; lastKnownFileType = sourcecode.c.objc; path = AppDelegate.m; sourceTree = "<group>"; };
		2C06A7A61DC1B99D00E9E432 /* ViewController.h */ = {isa = PBXFileReference; lastKnownFileType = sourcecode.c.h; path = ViewController.h; sourceTree = "<group>"; };
		2C06A7A71DC1B99D00E9E432 /* ViewController.m */ = {isa = PBXFileReference; lastKnownFileType = sourcecode.c.objc; path = ViewController.m; sourceTree = "<group>"; };
		2C06A7AA1DC1B99D00E9E432 /* Base */ = {isa = PBXFileReference; lastKnownFileType = file.storyboard; name = Base; path = Base.lproj/Main.storyboard; sourceTree = "<group>"; };
		2C06A7AC1DC1B99D00E9E432 /* Assets.xcassets */ = {isa = PBXFileReference; lastKnownFileType = folder.assetcatalog; path = Assets.xcassets; sourceTree = "<group>"; };
		2C06A7AF1DC1B99D00E9E432 /* Base */ = {isa = PBXFileReference; lastKnownFileType = file.storyboard; name = Base; path = Base.lproj/LaunchScreen.storyboard; sourceTree = "<group>"; };
		2C06A7B11DC1B99D00E9E432 /* Info.plist */ = {isa = PBXFileReference; lastKnownFileType = text.plist.xml; path = Info.plist; sourceTree = "<group>"; };
		2C06A7B61DC1B99D00E9E432 /* ClickableLabelTests.xctest */ = {isa = PBXFileReference; explicitFileType = wrapper.cfbundle; includeInIndex = 0; path = ClickableLabelTests.xctest; sourceTree = BUILT_PRODUCTS_DIR; };
		2C06A7BA1DC1B99D00E9E432 /* ClickableLabelTests.m */ = {isa = PBXFileReference; lastKnownFileType = sourcecode.c.objc; path = ClickableLabelTests.m; sourceTree = "<group>"; };
		2C06A7BC1DC1B99D00E9E432 /* Info.plist */ = {isa = PBXFileReference; lastKnownFileType = text.plist.xml; path = Info.plist; sourceTree = "<group>"; };
		2C06A7C11DC1B99D00E9E432 /* ClickableLabelUITests.xctest */ = {isa = PBXFileReference; explicitFileType = wrapper.cfbundle; includeInIndex = 0; path = ClickableLabelUITests.xctest; sourceTree = BUILT_PRODUCTS_DIR; };
		2C06A7C51DC1B99D00E9E432 /* ClickableLabelUITests.m */ = {isa = PBXFileReference; lastKnownFileType = sourcecode.c.objc; path = ClickableLabelUITests.m; sourceTree = "<group>"; };
		2C06A7C71DC1B99D00E9E432 /* Info.plist */ = {isa = PBXFileReference; lastKnownFileType = text.plist.xml; path = Info.plist; sourceTree = "<group>"; };
		2C06A7D61DC1BA6900E9E432 /* UILabel+Clickable.h */ = {isa = PBXFileReference; fileEncoding = 4; lastKnownFileType = sourcecode.c.h; path = "UILabel+Clickable.h"; sourceTree = "<group>"; };
		2C06A7D71DC1BA6900E9E432 /* UILabel+Clickable.m */ = {isa = PBXFileReference; fileEncoding = 4; lastKnownFileType = sourcecode.c.objc; path = "UILabel+Clickable.m"; sourceTree = "<group>"; };
/* End PBXFileReference section */

/* Begin PBXFrameworksBuildPhase section */
		2C06A79A1DC1B99D00E9E432 /* Frameworks */ = {
			isa = PBXFrameworksBuildPhase;
			buildActionMask = 2147483647;
			files = (
			);
			runOnlyForDeploymentPostprocessing = 0;
		};
		2C06A7B31DC1B99D00E9E432 /* Frameworks */ = {
			isa = PBXFrameworksBuildPhase;
			buildActionMask = 2147483647;
			files = (
			);
			runOnlyForDeploymentPostprocessing = 0;
		};
		2C06A7BE1DC1B99D00E9E432 /* Frameworks */ = {
			isa = PBXFrameworksBuildPhase;
			buildActionMask = 2147483647;
			files = (
			);
			runOnlyForDeploymentPostprocessing = 0;
		};
/* End PBXFrameworksBuildPhase section */

/* Begin PBXGroup section */
		2C06A7941DC1B99D00E9E432 = {
			isa = PBXGroup;
			children = (
				2C06A79F1DC1B99D00E9E432 /* ClickableLabel */,
				2C06A7B91DC1B99D00E9E432 /* ClickableLabelTests */,
				2C06A7C41DC1B99D00E9E432 /* ClickableLabelUITests */,
				2C06A79E1DC1B99D00E9E432 /* Products */,
			);
			sourceTree = "<group>";
		};
		2C06A79E1DC1B99D00E9E432 /* Products */ = {
			isa = PBXGroup;
			children = (
				2C06A79D1DC1B99D00E9E432 /* ClickableLabel.app */,
				2C06A7B61DC1B99D00E9E432 /* ClickableLabelTests.xctest */,
				2C06A7C11DC1B99D00E9E432 /* ClickableLabelUITests.xctest */,
			);
			name = Products;
			sourceTree = "<group>";
		};
		2C06A79F1DC1B99D00E9E432 /* ClickableLabel */ = {
			isa = PBXGroup;
			children = (
				2C06A7A31DC1B99D00E9E432 /* AppDelegate.h */,
				2C06A7A41DC1B99D00E9E432 /* AppDelegate.m */,
				2C06A7A61DC1B99D00E9E432 /* ViewController.h */,
				2C06A7A71DC1B99D00E9E432 /* ViewController.m */,
				2C06A7D61DC1BA6900E9E432 /* UILabel+Clickable.h */,
				2C06A7D71DC1BA6900E9E432 /* UILabel+Clickable.m */,
				2C06A7A91DC1B99D00E9E432 /* Main.storyboard */,
				2C06A7AC1DC1B99D00E9E432 /* Assets.xcassets */,
				2C06A7AE1DC1B99D00E9E432 /* LaunchScreen.storyboard */,
				2C06A7B11DC1B99D00E9E432 /* Info.plist */,
				2C06A7A01DC1B99D00E9E432 /* Supporting Files */,
			);
			path = ClickableLabel;
			sourceTree = "<group>";
		};
		2C06A7A01DC1B99D00E9E432 /* Supporting Files */ = {
			isa = PBXGroup;
			children = (
				2C06A7A11DC1B99D00E9E432 /* main.m */,
			);
			name = "Supporting Files";
			sourceTree = "<group>";
		};
		2C06A7B91DC1B99D00E9E432 /* ClickableLabelTests */ = {
			isa = PBXGroup;
			children = (
				2C06A7BA1DC1B99D00E9E432 /* ClickableLabelTests.m */,
				2C06A7BC1DC1B99D00E9E432 /* Info.plist */,
			);
			path = ClickableLabelTests;
			sourceTree = "<group>";
		};
		2C06A7C41DC1B99D00E9E432 /* ClickableLabelUITests */ = {
			isa = PBXGroup;
			children = (
				2C06A7C51DC1B99D00E9E432 /* ClickableLabelUITests.m */,
				2C06A7C71DC1B99D00E9E432 /* Info.plist */,
			);
			path = ClickableLabelUITests;
			sourceTree = "<group>";
		};
/* End PBXGroup section */

/* Begin PBXNativeTarget section */
		2C06A79C1DC1B99D00E9E432 /* ClickableLabel */ = {
			isa = PBXNativeTarget;
			buildConfigurationList = 2C06A7CA1DC1B99D00E9E432 /* Build configuration list for PBXNativeTarget "ClickableLabel" */;
			buildPhases = (
				2C06A7991DC1B99D00E9E432 /* Sources */,
				2C06A79A1DC1B99D00E9E432 /* Frameworks */,
				2C06A79B1DC1B99D00E9E432 /* Resources */,
			);
			buildRules = (
			);
			dependencies = (
			);
			name = ClickableLabel;
			productName = ClickableLabel;
			productReference = 2C06A79D1DC1B99D00E9E432 /* ClickableLabel.app */;
			productType = "com.apple.product-type.application";
		};
		2C06A7B51DC1B99D00E9E432 /* ClickableLabelTests */ = {
			isa = PBXNativeTarget;
			buildConfigurationList = 2C06A7CD1DC1B99D00E9E432 /* Build configuration list for PBXNativeTarget "ClickableLabelTests" */;
			buildPhases = (
				2C06A7B21DC1B99D00E9E432 /* Sources */,
				2C06A7B31DC1B99D00E9E432 /* Frameworks */,
				2C06A7B41DC1B99D00E9E432 /* Resources */,
			);
			buildRules = (
			);
			dependencies = (
				2C06A7B81DC1B99D00E9E432 /* PBXTargetDependency */,
			);
			name = ClickableLabelTests;
			productName = ClickableLabelTests;
			productReference = 2C06A7B61DC1B99D00E9E432 /* ClickableLabelTests.xctest */;
			productType = "com.apple.product-type.bundle.unit-test";
		};
		2C06A7C01DC1B99D00E9E432 /* ClickableLabelUITests */ = {
			isa = PBXNativeTarget;
			buildConfigurationList = 2C06A7D01DC1B99D00E9E432 /* Build configuration list for PBXNativeTarget "ClickableLabelUITests" */;
			buildPhases = (
				2C06A7BD1DC1B99D00E9E432 /* Sources */,
				2C06A7BE1DC1B99D00E9E432 /* Frameworks */,
				2C06A7BF1DC1B99D00E9E432 /* Resources */,
			);
			buildRules = (
			);
			dependencies = (
				2C06A7C31DC1B99D00E9E432 /* PBXTargetDependency */,
			);
			name = ClickableLabelUITests;
			productName = ClickableLabelUITests;
			productReference = 2C06A7C11DC1B99D00E9E432 /* ClickableLabelUITests.xctest */;
			productType = "com.apple.product-type.bundle.ui-testing";
		};
/* End PBXNativeTarget section */

/* Begin PBXProject section */
		2C06A7951DC1B99D00E9E432 /* Project object */ = {
			isa = PBXProject;
			attributes = {
				LastUpgradeCheck = 0800;
				ORGANIZATIONNAME = "彭柯柱";
				TargetAttributes = {
					2C06A79C1DC1B99D00E9E432 = {
						CreatedOnToolsVersion = 8.0;
						DevelopmentTeam = X8QFR597B8;
						ProvisioningStyle = Automatic;
					};
					2C06A7B51DC1B99D00E9E432 = {
						CreatedOnToolsVersion = 8.0;
						ProvisioningStyle = Automatic;
						TestTargetID = 2C06A79C1DC1B99D00E9E432;
					};
					2C06A7C01DC1B99D00E9E432 = {
						CreatedOnToolsVersion = 8.0;
						ProvisioningStyle = Automatic;
						TestTargetID = 2C06A79C1DC1B99D00E9E432;
					};
				};
			};
			buildConfigurationList = 2C06A7981DC1B99D00E9E432 /* Build configuration list for PBXProject "ClickableLabel" */;
			compatibilityVersion = "Xcode 3.2";
			developmentRegion = English;
			hasScannedForEncodings = 0;
			knownRegions = (
				en,
				Base,
			);
			mainGroup = 2C06A7941DC1B99D00E9E432;
			productRefGroup = 2C06A79E1DC1B99D00E9E432 /* Products */;
			projectDirPath = "";
			projectRoot = "";
			targets = (
				2C06A79C1DC1B99D00E9E432 /* ClickableLabel */,
				2C06A7B51DC1B99D00E9E432 /* ClickableLabelTests */,
				2C06A7C01DC1B99D00E9E432 /* ClickableLabelUITests */,
			);
		};
/* End PBXProject section */

/* Begin PBXResourcesBuildPhase section */
		2C06A79B1DC1B99D00E9E432 /* Resources */ = {
			isa = PBXResourcesBuildPhase;
			buildActionMask = 2147483647;
			files = (
				2C06A7B01DC1B99D00E9E432 /* LaunchScreen.storyboard in Resources */,
				2C06A7AD1DC1B99D00E9E432 /* Assets.xcassets in Resources */,
				2C06A7AB1DC1B99D00E9E432 /* Main.storyboard in Resources */,
			);
			runOnlyForDeploymentPostprocessing = 0;
		};
		2C06A7B41DC1B99D00E9E432 /* Resources */ = {
			isa = PBXResourcesBuildPhase;
			buildActionMask = 2147483647;
			files = (
			);
			runOnlyForDeploymentPostprocessing = 0;
		};
		2C06A7BF1DC1B99D00E9E432 /* Resources */ = {
			isa = PBXResourcesBuildPhase;
			buildActionMask = 2147483647;
			files = (
			);
			runOnlyForDeploymentPostprocessing = 0;
		};
/* End PBXResourcesBuildPhase section */

/* Begin PBXSourcesBuildPhase section */
		2C06A7991DC1B99D00E9E432 /* Sources */ = {
			isa = PBXSourcesBuildPhase;
			buildActionMask = 2147483647;
			files = (
				2C06A7A81DC1B99D00E9E432 /* ViewController.m in Sources */,
				2C06A7D81DC1BA6900E9E432 /* UILabel+Clickable.m in Sources */,
				2C06A7A51DC1B99D00E9E432 /* AppDelegate.m in Sources */,
				2C06A7A21DC1B99D00E9E432 /* main.m in Sources */,
			);
			runOnlyForDeploymentPostprocessing = 0;
		};
		2C06A7B21DC1B99D00E9E432 /* Sources */ = {
			isa = PBXSourcesBuildPhase;
			buildActionMask = 2147483647;
			files = (
				2C06A7BB1DC1B99D00E9E432 /* ClickableLabelTests.m in Sources */,
			);
			runOnlyForDeploymentPostprocessing = 0;
		};
		2C06A7BD1DC1B99D00E9E432 /* Sources */ = {
			isa = PBXSourcesBuildPhase;
			buildActionMask = 2147483647;
			files = (
				2C06A7C61DC1B99D00E9E432 /* ClickableLabelUITests.m in Sources */,
			);
			runOnlyForDeploymentPostprocessing = 0;
		};
/* End PBXSourcesBuildPhase section */

/* Begin PBXTargetDependency section */
		2C06A7B81DC1B99D00E9E432 /* PBXTargetDependency */ = {
			isa = PBXTargetDependency;
			target = 2C06A79C1DC1B99D00E9E432 /* ClickableLabel */;
			targetProxy = 2C06A7B71DC1B99D00E9E432 /* PBXContainerItemProxy */;
		};
		2C06A7C31DC1B99D00E9E432 /* PBXTargetDependency */ = {
			isa = PBXTargetDependency;
			target = 2C06A79C1DC1B99D00E9E432 /* ClickableLabel */;
			targetProxy = 2C06A7C21DC1B99D00E9E432 /* PBXContainerItemProxy */;
		};
/* End PBXTargetDependency section */

/* Begin PBXVariantGroup section */
		2C06A7A91DC1B99D00E9E432 /* Main.storyboard */ = {
			isa = PBXVariantGroup;
			children = (
				2C06A7AA1DC1B99D00E9E432 /* Base */,
			);
			name = Main.storyboard;
			sourceTree = "<group>";
		};
		2C06A7AE1DC1B99D00E9E432 /* LaunchScreen.storyboard */ = {
			isa = PBXVariantGroup;
			children = (
				2C06A7AF1DC1B99D00E9E432 /* Base */,
			);
			name = LaunchScreen.storyboard;
			sourceTree = "<group>";
		};
/* End PBXVariantGroup section */

/* Begin XCBuildConfiguration section */
		2C06A7C81DC1B99D00E9E432 /* Debug */ = {
			isa = XCBuildConfiguration;
			buildSettings = {
				ALWAYS_SEARCH_USER_PATHS = NO;
				CLANG_ANALYZER_NONNULL = YES;
				CLANG_CXX_LANGUAGE_STANDARD = "gnu++0x";
				CLANG_CXX_LIBRARY = "libc++";
				CLANG_ENABLE_MODULES = YES;
				CLANG_ENABLE_OBJC_ARC = YES;
				CLANG_WARN_BOOL_CONVERSION = YES;
				CLANG_WARN_CONSTANT_CONVERSION = YES;
				CLANG_WARN_DIRECT_OBJC_ISA_USAGE = YES_ERROR;
				CLANG_WARN_DOCUMENTATION_COMMENTS = YES;
				CLANG_WARN_EMPTY_BODY = YES;
				CLANG_WARN_ENUM_CONVERSION = YES;
				CLANG_WARN_INFINITE_RECURSION = YES;
				CLANG_WARN_INT_CONVERSION = YES;
				CLANG_WARN_OBJC_ROOT_CLASS = YES_ERROR;
				CLANG_WARN_SUSPICIOUS_MOVES = YES;
				CLANG_WARN_UNREACHABLE_CODE = YES;
				CLANG_WARN__DUPLICATE_METHOD_MATCH = YES;
				"CODE_SIGN_IDENTITY[sdk=iphoneos*]" = "iPhone Developer";
				COPY_PHASE_STRIP = NO;
				DEBUG_INFORMATION_FORMAT = dwarf;
				ENABLE_STRICT_OBJC_MSGSEND = YES;
				ENABLE_TESTABILITY = YES;
				GCC_C_LANGUAGE_STANDARD = gnu99;
				GCC_DYNAMIC_NO_PIC = NO;
				GCC_NO_COMMON_BLOCKS = YES;
				GCC_OPTIMIZATION_LEVEL = 0;
				GCC_PREPROCESSOR_DEFINITIONS = (
					"DEBUG=1",
					"$(inherited)",
				);
				GCC_WARN_64_TO_32_BIT_CONVERSION = YES;
				GCC_WARN_ABOUT_RETURN_TYPE = YES_ERROR;
				GCC_WARN_UNDECLARED_SELECTOR = YES;
				GCC_WARN_UNINITIALIZED_AUTOS = YES_AGGRESSIVE;
				GCC_WARN_UNUSED_FUNCTION = YES;
				GCC_WARN_UNUSED_VARIABLE = YES;
				IPHONEOS_DEPLOYMENT_TARGET = 10.0;
				MTL_ENABLE_DEBUG_INFO = YES;
				ONLY_ACTIVE_ARCH = YES;
				SDKROOT = iphoneos;
				TARGETED_DEVICE_FAMILY = "1,2";
			};
			name = Debug;
		};
		2C06A7C91DC1B99D00E9E432 /* Release */ = {
			isa = XCBuildConfiguration;
			buildSettings = {
				ALWAYS_SEARCH_USER_PATHS = NO;
				CLANG_ANALYZER_NONNULL = YES;
				CLANG_CXX_LANGUAGE_STANDARD = "gnu++0x";
				CLANG_CXX_LIBRARY = "libc++";
				CLANG_ENABLE_MODULES = YES;
				CLANG_ENABLE_OBJC_ARC = YES;
				CLANG_WARN_BOOL_CONVERSION = YES;
				CLANG_WARN_CONSTANT_CONVERSION = YES;
				CLANG_WARN_DIRECT_OBJC_ISA_USAGE = YES_ERROR;
				CLANG_WARN_DOCUMENTATION_COMMENTS = YES;
				CLANG_WARN_EMPTY_BODY = YES;
				CLANG_WARN_ENUM_CONVERSION = YES;
				CLANG_WARN_INFINITE_RECURSION = YES;
				CLANG_WARN_INT_CONVERSION = YES;
				CLANG_WARN_OBJC_ROOT_CLASS = YES_ERROR;
				CLANG_WARN_SUSPICIOUS_MOVES = YES;
				CLANG_WARN_UNREACHABLE_CODE = YES;
				CLANG_WARN__DUPLICATE_METHOD_MATCH = YES;
				"CODE_SIGN_IDENTITY[sdk=iphoneos*]" = "iPhone Developer";
				COPY_PHASE_STRIP = NO;
				DEBUG_INFORMATION_FORMAT = "dwarf-with-dsym";
				ENABLE_NS_ASSERTIONS = NO;
				ENABLE_STRICT_OBJC_MSGSEND = YES;
				GCC_C_LANGUAGE_STANDARD = gnu99;
				GCC_NO_COMMON_BLOCKS = YES;
				GCC_WARN_64_TO_32_BIT_CONVERSION = YES;
				GCC_WARN_ABOUT_RETURN_TYPE = YES_ERROR;
				GCC_WARN_UNDECLARED_SELECTOR = YES;
				GCC_WARN_UNINITIALIZED_AUTOS = YES_AGGRESSIVE;
				GCC_WARN_UNUSED_FUNCTION = YES;
				GCC_WARN_UNUSED_VARIABLE = YES;
				IPHONEOS_DEPLOYMENT_TARGET = 10.0;
				MTL_ENABLE_DEBUG_INFO = NO;
				SDKROOT = iphoneos;
				TARGETED_DEVICE_FAMILY = "1,2";
				VALIDATE_PRODUCT = YES;
			};
			name = Release;
		};
		2C06A7CB1DC1B99D00E9E432 /* Debug */ = {
			isa = XCBuildConfiguration;
			buildSettings = {
				ASSETCATALOG_COMPILER_APPICON_NAME = AppIcon;
				DEVELOPMENT_TEAM = X8QFR597B8;
				INFOPLIST_FILE = ClickableLabel/Info.plist;
				LD_RUNPATH_SEARCH_PATHS = "$(inherited) @executable_path/Frameworks";
				PRODUCT_BUNDLE_IDENTIFIER = kezhu.ClickableLabel;
				PRODUCT_NAME = "$(TARGET_NAME)";
			};
			name = Debug;
		};
		2C06A7CC1DC1B99D00E9E432 /* Release */ = {
			isa = XCBuildConfiguration;
			buildSettings = {
				ASSETCATALOG_COMPILER_APPICON_NAME = AppIcon;
				DEVELOPMENT_TEAM = X8QFR597B8;
				INFOPLIST_FILE = ClickableLabel/Info.plist;
				LD_RUNPATH_SEARCH_PATHS = "$(inherited) @executable_path/Frameworks";
				PRODUCT_BUNDLE_IDENTIFIER = kezhu.ClickableLabel;
				PRODUCT_NAME = "$(TARGET_NAME)";
			};
			name = Release;
		};
		2C06A7CE1DC1B99D00E9E432 /* Debug */ = {
			isa = XCBuildConfiguration;
			buildSettings = {
				BUNDLE_LOADER = "$(TEST_HOST)";
				INFOPLIST_FILE = ClickableLabelTests/Info.plist;
				LD_RUNPATH_SEARCH_PATHS = "$(inherited) @executable_path/Frameworks @loader_path/Frameworks";
				PRODUCT_BUNDLE_IDENTIFIER = kezhu.ClickableLabelTests;
				PRODUCT_NAME = "$(TARGET_NAME)";
				TEST_HOST = "$(BUILT_PRODUCTS_DIR)/ClickableLabel.app/ClickableLabel";
			};
			name = Debug;
		};
		2C06A7CF1DC1B99D00E9E432 /* Release */ = {
			isa = XCBuildConfiguration;
			buildSettings = {
				BUNDLE_LOADER = "$(TEST_HOST)";
				INFOPLIST_FILE = ClickableLabelTests/Info.plist;
				LD_RUNPATH_SEARCH_PATHS = "$(inherited) @executable_path/Frameworks @loader_path/Frameworks";
				PRODUCT_BUNDLE_IDENTIFIER = kezhu.ClickableLabelTests;
				PRODUCT_NAME = "$(TARGET_NAME)";
				TEST_HOST = "$(BUILT_PRODUCTS_DIR)/ClickableLabel.app/ClickableLabel";
			};
			name = Release;
		};
		2C06A7D11DC1B99D00E9E432 /* Debug */ = {
			isa = XCBuildConfiguration;
			buildSettings = {
				INFOPLIST_FILE = ClickableLabelUITests/Info.plist;
				LD_RUNPATH_SEARCH_PATHS = "$(inherited) @executable_path/Frameworks @loader_path/Frameworks";
				PRODUCT_BUNDLE_IDENTIFIER = kezhu.ClickableLabelUITests;
				PRODUCT_NAME = "$(TARGET_NAME)";
				TEST_TARGET_NAME = ClickableLabel;
			};
			name = Debug;
		};
		2C06A7D21DC1B99D00E9E432 /* Release */ = {
			isa = XCBuildConfiguration;
			buildSettings = {
				INFOPLIST_FILE = ClickableLabelUITests/Info.plist;
				LD_RUNPATH_SEARCH_PATHS = "$(inherited) @executable_path/Frameworks @loader_path/Frameworks";
				PRODUCT_BUNDLE_IDENTIFIER = kezhu.ClickableLabelUITests;
				PRODUCT_NAME = "$(TARGET_NAME)";
				TEST_TARGET_NAME = ClickableLabel;
			};
			name = Release;
		};
/* End XCBuildConfiguration section */

/* Begin XCConfigurationList section */
		2C06A7981DC1B99D00E9E432 /* Build configuration list for PBXProject "ClickableLabel" */ = {
			isa = XCConfigurationList;
			buildConfigurations = (
				2C06A7C81DC1B99D00E9E432 /* Debug */,
				2C06A7C91DC1B99D00E9E432 /* Release */,
			);
			defaultConfigurationIsVisible = 0;
			defaultConfigurationName = Release;
		};
		2C06A7CA1DC1B99D00E9E432 /* Build configuration list for PBXNativeTarget "ClickableLabel" */ = {
			isa = XCConfigurationList;
			buildConfigurations = (
				2C06A7CB1DC1B99D00E9E432 /* Debug */,
				2C06A7CC1DC1B99D00E9E432 /* Release */,
			);
			defaultConfigurationIsVisible = 0;
		};
		2C06A7CD1DC1B99D00E9E432 /* Build configuration list for PBXNativeTarget "ClickableLabelTests" */ = {
			isa = XCConfigurationList;
			buildConfigurations = (
				2C06A7CE1DC1B99D00E9E432 /* Debug */,
				2C06A7CF1DC1B99D00E9E432 /* Release */,
			);
			defaultConfigurationIsVisible = 0;
		};
		2C06A7D01DC1B99D00E9E432 /* Build configuration list for PBXNativeTarget "ClickableLabelUITests" */ = {
			isa = XCConfigurationList;
			buildConfigurations = (
				2C06A7D11DC1B99D00E9E432 /* Debug */,
				2C06A7D21DC1B99D00E9E432 /* Release */,
			);
			defaultConfigurationIsVisible = 0;
		};
/* End XCConfigurationList section */
	};
	rootObject = 2C06A7951DC1B99D00E9E432 /* Project object */;
}
